
Microsoft Visual Studio Solution File, Format Version 12.00
# Visual Studio 15
VisualStudioVersion = 15.0.28307.1259
MinimumVisualStudioVersion = 10.0.40219.1
Project("{FAE04EC0-301F-11D3-BF4B-00C04F79EFBC}") = "Main", "Main\Main.csproj", "{D20F2D9F-411E-4E3A-B1DB-8C00D13FAE4B}"
EndProject
Global
	GlobalSection(SolutionConfigurationPlatforms) = preSolution
		Debug|Any CPU = Debug|Any CPU
		Release|Any CPU = Release|Any CPU
	EndGlobalSection
	GlobalSection(ProjectConfigurationPlatforms) = postSolution
		{D20F2D9F-411E-4E3A-B1DB-8C00D13FAE4B}.Debug|Any CPU.ActiveCfg = Debug|Any CPU
		{D20F2D9F-411E-4E3A-B1DB-8C00D13FAE4B}.Debug|Any CPU.Build.0 = Debug|Any CPU
		{D20F2D9F-411E-4E3A-B1DB-8C00D13FAE4B}.Release|Any CPU.ActiveCfg = Release|Any CPU
		{D20F2D9F-411E-4E3A-B1DB-8C00D13FAE4B}.Release|Any CPU.Build.0 = Release|Any CPU
	EndGlobalSection
	GlobalSection(SolutionProperties) = preSolution
		HideSolutionNode = FALSE
	EndGlobalSection
	GlobalSection(ExtensibilityGlobals) = postSolution
		SolutionGuid = {E0E742E4-00EB-4EF9-AE9F-936C9A85AC41}
	EndGlobalSection
EndGlobal
